
Microsoft Visual Studio Solution File, Format Version 12.00
# Visual Studio Version 17
VisualStudioVersion = 17.7.34031.279
MinimumVisualStudioVersion = 10.0.40219.1
Project("{FAE04EC0-301F-11D3-BF4B-00C04F79EFBC}") = "NSTask", "NSTask\NSTask.csproj", "{B69C73AE-9025-4886-95FA-BECF36E990B9}"
EndProject
Global
	GlobalSection(SolutionConfigurationPlatforms) = preSolution
		Debug|Any CPU = Debug|Any CPU
		Release|Any CPU = Release|Any CPU
	EndGlobalSection
	GlobalSection(ProjectConfigurationPlatforms) = postSolution
		{B69C73AE-9025-4886-95FA-BECF36E990B9}.Debug|Any CPU.ActiveCfg = Debug|Any CPU
		{B69C73AE-9025-4886-95FA-BECF36E990B9}.Debug|Any CPU.Build.0 = Debug|Any CPU
		{B69C73AE-9025-4886-95FA-BECF36E990B9}.Release|Any CPU.ActiveCfg = Release|Any CPU
		{B69C73AE-9025-4886-95FA-BECF36E990B9}.Release|Any CPU.Build.0 = Release|Any CPU
	EndGlobalSection
	GlobalSection(SolutionProperties) = preSolution
		HideSolutionNode = FALSE
	EndGlobalSection
	GlobalSection(ExtensibilityGlobals) = postSolution
		SolutionGuid = {0702185E-D454-4B4A-B24F-3CAFAC7F0BF9}
	EndGlobalSection
EndGlobal
